// !$*UTF8*$!
{
	archiveVersion = 1;
	classes = {
	};
	objectVersion = 77;
	objects = {

/* Begin PBXContainerItemProxy section */
		224A36FA2D1562790012BE0D /* PBXContainerItemProxy */ = {
			isa = PBXContainerItemProxy;
			containerPortal = 224A36E12D1562770012BE0D /* Project object */;
			proxyType = 1;
			remoteGlobalIDString = 224A36E82D1562770012BE0D;
			remoteInfo = ObservablePerformanceTest;
		};
		224A37042D1562790012BE0D /* PBXContainerItemProxy */ = {
			isa = PBXContainerItemProxy;
			containerPortal = 224A36E12D1562770012BE0D /* Project object */;
			proxyType = 1;
			remoteGlobalIDString = 224A36E82D1562770012BE0D;
			remoteInfo = ObservablePerformanceTest;
		};
/* End PBXContainerItemProxy section */

/* Begin PBXFileReference section */
		224A36E92D1562770012BE0D /* ObservablePerformanceTest.app */ = {isa = PBXFileReference; explicitFileType = wrapper.application; includeInIndex = 0; path = ObservablePerformanceTest.app; sourceTree = BUILT_PRODUCTS_DIR; };
		224A36F92D1562790012BE0D /* ObservablePerformanceTestTests.xctest */ = {isa = PBXFileReference; explicitFileType = wrapper.cfbundle; includeInIndex = 0; path = ObservablePerformanceTestTests.xctest; sourceTree = BUILT_PRODUCTS_DIR; };
		224A37032D1562790012BE0D /* ObservablePerformanceTestUITests.xctest */ = {isa = PBXFileReference; explicitFileType = wrapper.cfbundle; includeInIndex = 0; path = ObservablePerformanceTestUITests.xctest; sourceTree = BUILT_PRODUCTS_DIR; };
/* End PBXFileReference section */

/* Begin PBXFileSystemSynchronizedRootGroup section */
		224A36EB2D1562770012BE0D /* ObservablePerformanceTest */ = {
			isa = PBXFileSystemSynchronizedRootGroup;
			path = ObservablePerformanceTest;
			sourceTree = "<group>";
		};
		224A36FC2D1562790012BE0D /* ObservablePerformanceTestTests */ = {
			isa = PBXFileSystemSynchronizedRootGroup;
			path = ObservablePerformanceTestTests;
			sourceTree = "<group>";
		};
		224A37062D1562790012BE0D /* ObservablePerformanceTestUITests */ = {
			isa = PBXFileSystemSynchronizedRootGroup;
			path = ObservablePerformanceTestUITests;
			sourceTree = "<group>";
		};
/* End PBXFileSystemSynchronizedRootGroup section */

/* Begin PBXFrameworksBuildPhase section */
		224A36E62D1562770012BE0D /* Frameworks */ = {
			isa = PBXFrameworksBuildPhase;
			buildActionMask = 2147483647;
			files = (
			);
			runOnlyForDeploymentPostprocessing = 0;
		};
		224A36F62D1562790012BE0D /* Frameworks */ = {
			isa = PBXFrameworksBuildPhase;
			buildActionMask = 2147483647;
			files = (
			);
			runOnlyForDeploymentPostprocessing = 0;
		};
		224A37002D1562790012BE0D /* Frameworks */ = {
			isa = PBXFrameworksBuildPhase;
			buildActionMask = 2147483647;
			files = (
			);
			runOnlyForDeploymentPostprocessing = 0;
		};
/* End PBXFrameworksBuildPhase section */

/* Begin PBXGroup section */
		224A36E02D1562770012BE0D = {
			isa = PBXGroup;
			children = (
				224A36EB2D1562770012BE0D /* ObservablePerformanceTest */,
				224A36FC2D1562790012BE0D /* ObservablePerformanceTestTests */,
				224A37062D1562790012BE0D /* ObservablePerformanceTestUITests */,
				224A36EA2D1562770012BE0D /* Products */,
			);
			sourceTree = "<group>";
		};
		224A36EA2D1562770012BE0D /* Products */ = {
			isa = PBXGroup;
			children = (
				224A36E92D1562770012BE0D /* ObservablePerformanceTest.app */,
				224A36F92D1562790012BE0D /* ObservablePerformanceTestTests.xctest */,
				224A37032D1562790012BE0D /* ObservablePerformanceTestUITests.xctest */,
			);
			name = Products;
			sourceTree = "<group>";
		};
/* End PBXGroup section */

/* Begin PBXNativeTarget section */
		224A36E82D1562770012BE0D /* ObservablePerformanceTest */ = {
			isa = PBXNativeTarget;
			buildConfigurationList = 224A370D2D1562790012BE0D /* Build configuration list for PBXNativeTarget "ObservablePerformanceTest" */;
			buildPhases = (
				224A36E52D1562770012BE0D /* Sources */,
				224A36E62D1562770012BE0D /* Frameworks */,
				224A36E72D1562770012BE0D /* Resources */,
			);
			buildRules = (
			);
			dependencies = (
			);
			fileSystemSynchronizedGroups = (
				224A36EB2D1562770012BE0D /* ObservablePerformanceTest */,
			);
			name = ObservablePerformanceTest;
			packageProductDependencies = (
			);
			productName = ObservablePerformanceTest;
			productReference = 224A36E92D1562770012BE0D /* ObservablePerformanceTest.app */;
			productType = "com.apple.product-type.application";
		};
		224A36F82D1562790012BE0D /* ObservablePerformanceTestTests */ = {
			isa = PBXNativeTarget;
			buildConfigurationList = 224A37102D1562790012BE0D /* Build configuration list for PBXNativeTarget "ObservablePerformanceTestTests" */;
			buildPhases = (
				224A36F52D1562790012BE0D /* Sources */,
				224A36F62D1562790012BE0D /* Frameworks */,
				224A36F72D1562790012BE0D /* Resources */,
			);
			buildRules = (
			);
			dependencies = (
				224A36FB2D1562790012BE0D /* PBXTargetDependency */,
			);
			fileSystemSynchronizedGroups = (
				224A36FC2D1562790012BE0D /* ObservablePerformanceTestTests */,
			);
			name = ObservablePerformanceTestTests;
			packageProductDependencies = (
			);
			productName = ObservablePerformanceTestTests;
			productReference = 224A36F92D1562790012BE0D /* ObservablePerformanceTestTests.xctest */;
			productType = "com.apple.product-type.bundle.unit-test";
		};
		224A37022D1562790012BE0D /* ObservablePerformanceTestUITests */ = {
			isa = PBXNativeTarget;
			buildConfigurationList = 224A37132D1562790012BE0D /* Build configuration list for PBXNativeTarget "ObservablePerformanceTestUITests" */;
			buildPhases = (
				224A36FF2D1562790012BE0D /* Sources */,
				224A37002D1562790012BE0D /* Frameworks */,
				224A37012D1562790012BE0D /* Resources */,
			);
			buildRules = (
			);
			dependencies = (
				224A37052D1562790012BE0D /* PBXTargetDependency */,
			);
			fileSystemSynchronizedGroups = (
				224A37062D1562790012BE0D /* ObservablePerformanceTestUITests */,
			);
			name = ObservablePerformanceTestUITests;
			packageProductDependencies = (
			);
			productName = ObservablePerformanceTestUITests;
			productReference = 224A37032D1562790012BE0D /* ObservablePerformanceTestUITests.xctest */;
			productType = "com.apple.product-type.bundle.ui-testing";
		};
/* End PBXNativeTarget section */

/* Begin PBXProject section */
		224A36E12D1562770012BE0D /* Project object */ = {
			isa = PBXProject;
			attributes = {
				BuildIndependentTargetsInParallel = 1;
				LastSwiftUpdateCheck = 1600;
				LastUpgradeCheck = 1600;
				TargetAttributes = {
					224A36E82D1562770012BE0D = {
						CreatedOnToolsVersion = 16.0;
					};
					224A36F82D1562790012BE0D = {
						CreatedOnToolsVersion = 16.0;
						TestTargetID = 224A36E82D1562770012BE0D;
					};
					224A37022D1562790012BE0D = {
						CreatedOnToolsVersion = 16.0;
						TestTargetID = 224A36E82D1562770012BE0D;
					};
				};
			};
			buildConfigurationList = 224A36E42D1562770012BE0D /* Build configuration list for PBXProject "ObservablePerformanceTest" */;
			developmentRegion = en;
			hasScannedForEncodings = 0;
			knownRegions = (
				en,
				Base,
			);
			mainGroup = 224A36E02D1562770012BE0D;
			minimizedProjectReferenceProxies = 1;
			preferredProjectObjectVersion = 77;
			productRefGroup = 224A36EA2D1562770012BE0D /* Products */;
			projectDirPath = "";
			projectRoot = "";
			targets = (
				224A36E82D1562770012BE0D /* ObservablePerformanceTest */,
				224A36F82D1562790012BE0D /* ObservablePerformanceTestTests */,
				224A37022D1562790012BE0D /* ObservablePerformanceTestUITests */,
			);
		};
/* End PBXProject section */

/* Begin PBXResourcesBuildPhase section */
		224A36E72D1562770012BE0D /* Resources */ = {
			isa = PBXResourcesBuildPhase;
			buildActionMask = 2147483647;
			files = (
			);
			runOnlyForDeploymentPostprocessing = 0;
		};
		224A36F72D1562790012BE0D /* Resources */ = {
			isa = PBXResourcesBuildPhase;
			buildActionMask = 2147483647;
			files = (
			);
			runOnlyForDeploymentPostprocessing = 0;
		};
		224A37012D1562790012BE0D /* Resources */ = {
			isa = PBXResourcesBuildPhase;
			buildActionMask = 2147483647;
			files = (
			);
			runOnlyForDeploymentPostprocessing = 0;
		};
/* End PBXResourcesBuildPhase section */

/* Begin PBXSourcesBuildPhase section */
		224A36E52D1562770012BE0D /* Sources */ = {
			isa = PBXSourcesBuildPhase;
			buildActionMask = 2147483647;
			files = (
			);
			runOnlyForDeploymentPostprocessing = 0;
		};
		224A36F52D1562790012BE0D /* Sources */ = {
			isa = PBXSourcesBuildPhase;
			buildActionMask = 2147483647;
			files = (
			);
			runOnlyForDeploymentPostprocessing = 0;
		};
		224A36FF2D1562790012BE0D /* Sources */ = {
			isa = PBXSourcesBuildPhase;
			buildActionMask = 2147483647;
			files = (
			);
			runOnlyForDeploymentPostprocessing = 0;
		};
/* End PBXSourcesBuildPhase section */

/* Begin PBXTargetDependency section */
		224A36FB2D1562790012BE0D /* PBXTargetDependency */ = {
			isa = PBXTargetDependency;
			target = 224A36E82D1562770012BE0D /* ObservablePerformanceTest */;
			targetProxy = 224A36FA2D1562790012BE0D /* PBXContainerItemProxy */;
		};
		224A37052D1562790012BE0D /* PBXTargetDependency */ = {
			isa = PBXTargetDependency;
			target = 224A36E82D1562770012BE0D /* ObservablePerformanceTest */;
			targetProxy = 224A37042D1562790012BE0D /* PBXContainerItemProxy */;
		};
/* End PBXTargetDependency section */

/* Begin XCBuildConfiguration section */
		224A370B2D1562790012BE0D /* Debug */ = {
			isa = XCBuildConfiguration;
			buildSettings = {
				ALWAYS_SEARCH_USER_PATHS = NO;
				ASSETCATALOG_COMPILER_GENERATE_SWIFT_ASSET_SYMBOL_EXTENSIONS = YES;
				CLANG_ANALYZER_NONNULL = YES;
				CLANG_ANALYZER_NUMBER_OBJECT_CONVERSION = YES_AGGRESSIVE;
				CLANG_CXX_LANGUAGE_STANDARD = "gnu++20";
				CLANG_ENABLE_MODULES = YES;
				CLANG_ENABLE_OBJC_ARC = YES;
				CLANG_ENABLE_OBJC_WEAK = YES;
				CLANG_WARN_BLOCK_CAPTURE_AUTORELEASING = YES;
				CLANG_WARN_BOOL_CONVERSION = YES;
				CLANG_WARN_COMMA = YES;
				CLANG_WARN_CONSTANT_CONVERSION = YES;
				CLANG_WARN_DEPRECATED_OBJC_IMPLEMENTATIONS = YES;
				CLANG_WARN_DIRECT_OBJC_ISA_USAGE = YES_ERROR;
				CLANG_WARN_DOCUMENTATION_COMMENTS = YES;
				CLANG_WARN_EMPTY_BODY = YES;
				CLANG_WARN_ENUM_CONVERSION = YES;
				CLANG_WARN_INFINITE_RECURSION = YES;
				CLANG_WARN_INT_CONVERSION = YES;
				CLANG_WARN_NON_LITERAL_NULL_CONVERSION = YES;
				CLANG_WARN_OBJC_IMPLICIT_RETAIN_SELF = YES;
				CLANG_WARN_OBJC_LITERAL_CONVERSION = YES;
				CLANG_WARN_OBJC_ROOT_CLASS = YES_ERROR;
				CLANG_WARN_QUOTED_INCLUDE_IN_FRAMEWORK_HEADER = YES;
				CLANG_WARN_RANGE_LOOP_ANALYSIS = YES;
				CLANG_WARN_STRICT_PROTOTYPES = YES;
				CLANG_WARN_SUSPICIOUS_MOVE = YES;
				CLANG_WARN_UNGUARDED_AVAILABILITY = YES_AGGRESSIVE;
				CLANG_WARN_UNREACHABLE_CODE = YES;
				CLANG_WARN__DUPLICATE_METHOD_MATCH = YES;
				COPY_PHASE_STRIP = NO;
				DEBUG_INFORMATION_FORMAT = dwarf;
				ENABLE_STRICT_OBJC_MSGSEND = YES;
				ENABLE_TESTABILITY = YES;
				ENABLE_USER_SCRIPT_SANDBOXING = YES;
				GCC_C_LANGUAGE_STANDARD = gnu17;
				GCC_DYNAMIC_NO_PIC = NO;
				GCC_NO_COMMON_BLOCKS = YES;
				GCC_OPTIMIZATION_LEVEL = 0;
				GCC_PREPROCESSOR_DEFINITIONS = (
					"DEBUG=1",
					"$(inherited)",
				);
				GCC_WARN_64_TO_32_BIT_CONVERSION = YES;
				GCC_WARN_ABOUT_RETURN_TYPE = YES_ERROR;
				GCC_WARN_UNDECLARED_SELECTOR = YES;
				GCC_WARN_UNINITIALIZED_AUTOS = YES_AGGRESSIVE;
				GCC_WARN_UNUSED_FUNCTION = YES;
				GCC_WARN_UNUSED_VARIABLE = YES;
				IPHONEOS_DEPLOYMENT_TARGET = 18.0;
				LOCALIZATION_PREFERS_STRING_CATALOGS = YES;
				MTL_ENABLE_DEBUG_INFO = INCLUDE_SOURCE;
				MTL_FAST_MATH = YES;
				ONLY_ACTIVE_ARCH = YES;
				SDKROOT = iphoneos;
				SWIFT_ACTIVE_COMPILATION_CONDITIONS = "DEBUG $(inherited)";
				SWIFT_OPTIMIZATION_LEVEL = "-Onone";
			};
			name = Debug;
		};
		224A370C2D1562790012BE0D /* Release */ = {
			isa = XCBuildConfiguration;
			buildSettings = {
				ALWAYS_SEARCH_USER_PATHS = NO;
				ASSETCATALOG_COMPILER_GENERATE_SWIFT_ASSET_SYMBOL_EXTENSIONS = YES;
				CLANG_ANALYZER_NONNULL = YES;
				CLANG_ANALYZER_NUMBER_OBJECT_CONVERSION = YES_AGGRESSIVE;
				CLANG_CXX_LANGUAGE_STANDARD = "gnu++20";
				CLANG_ENABLE_MODULES = YES;
				CLANG_ENABLE_OBJC_ARC = YES;
				CLANG_ENABLE_OBJC_WEAK = YES;
				CLANG_WARN_BLOCK_CAPTURE_AUTORELEASING = YES;
				CLANG_WARN_BOOL_CONVERSION = YES;
				CLANG_WARN_COMMA = YES;
				CLANG_WARN_CONSTANT_CONVERSION = YES;
				CLANG_WARN_DEPRECATED_OBJC_IMPLEMENTATIONS = YES;
				CLANG_WARN_DIRECT_OBJC_ISA_USAGE = YES_ERROR;
				CLANG_WARN_DOCUMENTATION_COMMENTS = YES;
				CLANG_WARN_EMPTY_BODY = YES;
				CLANG_WARN_ENUM_CONVERSION = YES;
				CLANG_WARN_INFINITE_RECURSION = YES;
				CLANG_WARN_INT_CONVERSION = YES;
				CLANG_WARN_NON_LITERAL_NULL_CONVERSION = YES;
				CLANG_WARN_OBJC_IMPLICIT_RETAIN_SELF = YES;
				CLANG_WARN_OBJC_LITERAL_CONVERSION = YES;
				CLANG_WARN_OBJC_ROOT_CLASS = YES_ERROR;
				CLANG_WARN_QUOTED_INCLUDE_IN_FRAMEWORK_HEADER = YES;
				CLANG_WARN_RANGE_LOOP_ANALYSIS = YES;
				CLANG_WARN_STRICT_PROTOTYPES = YES;
				CLANG_WARN_SUSPICIOUS_MOVE = YES;
				CLANG_WARN_UNGUARDED_AVAILABILITY = YES_AGGRESSIVE;
				CLANG_WARN_UNREACHABLE_CODE = YES;
				CLANG_WARN__DUPLICATE_METHOD_MATCH = YES;
				COPY_PHASE_STRIP = NO;
				DEBUG_INFORMATION_FORMAT = "dwarf-with-dsym";
				ENABLE_NS_ASSERTIONS = NO;
				ENABLE_STRICT_OBJC_MSGSEND = YES;
				ENABLE_USER_SCRIPT_SANDBOXING = YES;
				GCC_C_LANGUAGE_STANDARD = gnu17;
				GCC_NO_COMMON_BLOCKS = YES;
				GCC_WARN_64_TO_32_BIT_CONVERSION = YES;
				GCC_WARN_ABOUT_RETURN_TYPE = YES_ERROR;
				GCC_WARN_UNDECLARED_SELECTOR = YES;
				GCC_WARN_UNINITIALIZED_AUTOS = YES_AGGRESSIVE;
				GCC_WARN_UNUSED_FUNCTION = YES;
				GCC_WARN_UNUSED_VARIABLE = YES;
				IPHONEOS_DEPLOYMENT_TARGET = 18.0;
				LOCALIZATION_PREFERS_STRING_CATALOGS = YES;
				MTL_ENABLE_DEBUG_INFO = NO;
				MTL_FAST_MATH = YES;
				SDKROOT = iphoneos;
				SWIFT_COMPILATION_MODE = wholemodule;
				VALIDATE_PRODUCT = YES;
			};
			name = Release;
		};
		224A370E2D1562790012BE0D /* Debug */ = {
			isa = XCBuildConfiguration;
			buildSettings = {
				ASSETCATALOG_COMPILER_APPICON_NAME = AppIcon;
				ASSETCATALOG_COMPILER_GLOBAL_ACCENT_COLOR_NAME = AccentColor;
				CODE_SIGN_STYLE = Automatic;
				CURRENT_PROJECT_VERSION = 1;
				DEVELOPMENT_ASSET_PATHS = "\"ObservablePerformanceTest/Preview Content\"";
				DEVELOPMENT_TEAM = 67B8R6CZM3;
				ENABLE_PREVIEWS = YES;
				GENERATE_INFOPLIST_FILE = YES;
				INFOPLIST_KEY_UIApplicationSceneManifest_Generation = YES;
				INFOPLIST_KEY_UIApplicationSupportsIndirectInputEvents = YES;
				INFOPLIST_KEY_UILaunchScreen_Generation = YES;
				INFOPLIST_KEY_UISupportedInterfaceOrientations_iPad = "UIInterfaceOrientationPortrait UIInterfaceOrientationPortraitUpsideDown UIInterfaceOrientationLandscapeLeft UIInterfaceOrientationLandscapeRight";
				INFOPLIST_KEY_UISupportedInterfaceOrientations_iPhone = "UIInterfaceOrientationPortrait UIInterfaceOrientationLandscapeLeft UIInterfaceOrientationLandscapeRight";
				LD_RUNPATH_SEARCH_PATHS = (
					"$(inherited)",
					"@executable_path/Frameworks",
				);
				MARKETING_VERSION = 1.0;
				PRODUCT_BUNDLE_IDENTIFIER = com.udemyKabu.ObservablePerformanceTest;
				PRODUCT_NAME = "$(TARGET_NAME)";
				SWIFT_EMIT_LOC_STRINGS = YES;
				SWIFT_VERSION = 5.0;
				TARGETED_DEVICE_FAMILY = "1,2";
			};
			name = Debug;
		};
		224A370F2D1562790012BE0D /* Release */ = {
			isa = XCBuildConfiguration;
			buildSettings = {
				ASSETCATALOG_COMPILER_APPICON_NAME = AppIcon;
				ASSETCATALOG_COMPILER_GLOBAL_ACCENT_COLOR_NAME = AccentColor;
				CODE_SIGN_STYLE = Automatic;
				CURRENT_PROJECT_VERSION = 1;
				DEVELOPMENT_ASSET_PATHS = "\"ObservablePerformanceTest/Preview Content\"";
				DEVELOPMENT_TEAM = 67B8R6CZM3;
				ENABLE_PREVIEWS = YES;
				GENERATE_INFOPLIST_FILE = YES;
				INFOPLIST_KEY_UIApplicationSceneManifest_Generation = YES;
				INFOPLIST_KEY_UIApplicationSupportsIndirectInputEvents = YES;
				INFOPLIST_KEY_UILaunchScreen_Generation = YES;
				INFOPLIST_KEY_UISupportedInterfaceOrientations_iPad = "UIInterfaceOrientationPortrait UIInterfaceOrientationPortraitUpsideDown UIInterfaceOrientationLandscapeLeft UIInterfaceOrientationLandscapeRight";
				INFOPLIST_KEY_UISupportedInterfaceOrientations_iPhone = "UIInterfaceOrientationPortrait UIInterfaceOrientationLandscapeLeft UIInterfaceOrientationLandscapeRight";
				LD_RUNPATH_SEARCH_PATHS = (
					"$(inherited)",
					"@executable_path/Frameworks",
				);
				MARKETING_VERSION = 1.0;
				PRODUCT_BUNDLE_IDENTIFIER = com.udemyKabu.ObservablePerformanceTest;
				PRODUCT_NAME = "$(TARGET_NAME)";
				SWIFT_EMIT_LOC_STRINGS = YES;
				SWIFT_VERSION = 5.0;
				TARGETED_DEVICE_FAMILY = "1,2";
			};
			name = Release;
		};
		224A37112D1562790012BE0D /* Debug */ = {
			isa = XCBuildConfiguration;
			buildSettings = {
				BUNDLE_LOADER = "$(TEST_HOST)";
				CODE_SIGN_STYLE = Automatic;
				CURRENT_PROJECT_VERSION = 1;
				DEVELOPMENT_TEAM = 67B8R6CZM3;
				GENERATE_INFOPLIST_FILE = YES;
				IPHONEOS_DEPLOYMENT_TARGET = 18.0;
				MARKETING_VERSION = 1.0;
				PRODUCT_BUNDLE_IDENTIFIER = com.udemyKabu.ObservablePerformanceTestTests;
				PRODUCT_NAME = "$(TARGET_NAME)";
				SWIFT_EMIT_LOC_STRINGS = NO;
				SWIFT_VERSION = 5.0;
				TARGETED_DEVICE_FAMILY = "1,2";
				TEST_HOST = "$(BUILT_PRODUCTS_DIR)/ObservablePerformanceTest.app/$(BUNDLE_EXECUTABLE_FOLDER_PATH)/ObservablePerformanceTest";
			};
			name = Debug;
		};
		224A37122D1562790012BE0D /* Release */ = {
			isa = XCBuildConfiguration;
			buildSettings = {
				BUNDLE_LOADER = "$(TEST_HOST)";
				CODE_SIGN_STYLE = Automatic;
				CURRENT_PROJECT_VERSION = 1;
				DEVELOPMENT_TEAM = 67B8R6CZM3;
				GENERATE_INFOPLIST_FILE = YES;
				IPHONEOS_DEPLOYMENT_TARGET = 18.0;
				MARKETING_VERSION = 1.0;
				PRODUCT_BUNDLE_IDENTIFIER = com.udemyKabu.ObservablePerformanceTestTests;
				PRODUCT_NAME = "$(TARGET_NAME)";
				SWIFT_EMIT_LOC_STRINGS = NO;
				SWIFT_VERSION = 5.0;
				TARGETED_DEVICE_FAMILY = "1,2";
				TEST_HOST = "$(BUILT_PRODUCTS_DIR)/ObservablePerformanceTest.app/$(BUNDLE_EXECUTABLE_FOLDER_PATH)/ObservablePerformanceTest";
			};
			name = Release;
		};
		224A37142D1562790012BE0D /* Debug */ = {
			isa = XCBuildConfiguration;
			buildSettings = {
				CODE_SIGN_STYLE = Automatic;
				CURRENT_PROJECT_VERSION = 1;
				DEVELOPMENT_TEAM = 67B8R6CZM3;
				GENERATE_INFOPLIST_FILE = YES;
				MARKETING_VERSION = 1.0;
				PRODUCT_BUNDLE_IDENTIFIER = com.udemyKabu.ObservablePerformanceTestUITests;
				PRODUCT_NAME = "$(TARGET_NAME)";
				SWIFT_EMIT_LOC_STRINGS = NO;
				SWIFT_VERSION = 5.0;
				TARGETED_DEVICE_FAMILY = "1,2";
				TEST_TARGET_NAME = ObservablePerformanceTest;
			};
			name = Debug;
		};
		224A37152D1562790012BE0D /* Release */ = {
			isa = XCBuildConfiguration;
			buildSettings = {
				CODE_SIGN_STYLE = Automatic;
				CURRENT_PROJECT_VERSION = 1;
				DEVELOPMENT_TEAM = 67B8R6CZM3;
				GENERATE_INFOPLIST_FILE = YES;
				MARKETING_VERSION = 1.0;
				PRODUCT_BUNDLE_IDENTIFIER = com.udemyKabu.ObservablePerformanceTestUITests;
				PRODUCT_NAME = "$(TARGET_NAME)";
				SWIFT_EMIT_LOC_STRINGS = NO;
				SWIFT_VERSION = 5.0;
				TARGETED_DEVICE_FAMILY = "1,2";
				TEST_TARGET_NAME = ObservablePerformanceTest;
			};
			name = Release;
		};
/* End XCBuildConfiguration section */

/* Begin XCConfigurationList section */
		224A36E42D1562770012BE0D /* Build configuration list for PBXProject "ObservablePerformanceTest" */ = {
			isa = XCConfigurationList;
			buildConfigurations = (
				224A370B2D1562790012BE0D /* Debug */,
				224A370C2D1562790012BE0D /* Release */,
			);
			defaultConfigurationIsVisible = 0;
			defaultConfigurationName = Release;
		};
		224A370D2D1562790012BE0D /* Build configuration list for PBXNativeTarget "ObservablePerformanceTest" */ = {
			isa = XCConfigurationList;
			buildConfigurations = (
				224A370E2D1562790012BE0D /* Debug */,
				224A370F2D1562790012BE0D /* Release */,
			);
			defaultConfigurationIsVisible = 0;
			defaultConfigurationName = Release;
		};
		224A37102D1562790012BE0D /* Build configuration list for PBXNativeTarget "ObservablePerformanceTestTests" */ = {
			isa = XCConfigurationList;
			buildConfigurations = (
				224A37112D1562790012BE0D /* Debug */,
				224A37122D1562790012BE0D /* Release */,
			);
			defaultConfigurationIsVisible = 0;
			defaultConfigurationName = Release;
		};
		224A37132D1562790012BE0D /* Build configuration list for PBXNativeTarget "ObservablePerformanceTestUITests" */ = {
			isa = XCConfigurationList;
			buildConfigurations = (
				224A37142D1562790012BE0D /* Debug */,
				224A37152D1562790012BE0D /* Release */,
			);
			defaultConfigurationIsVisible = 0;
			defaultConfigurationName = Release;
		};
/* End XCConfigurationList section */
	};
	rootObject = 224A36E12D1562770012BE0D /* Project object */;
}
